// !$*UTF8*$!
{
	archiveVersion = 1;
	classes = {
	};
	objectVersion = 50;
	objects = {

/* Begin PBXBuildFile section */
		C78C7D55289E3D9A00BCD0FC /* SetGameApp.swift in Sources */ = {isa = PBXBuildFile; fileRef = C78C7D54289E3D9A00BCD0FC /* SetGameApp.swift */; };
		C78C7D57289E3D9A00BCD0FC /* ContentView.swift in Sources */ = {isa = PBXBuildFile; fileRef = C78C7D56289E3D9A00BCD0FC /* ContentView.swift */; };
		C78C7D59289E3D9C00BCD0FC /* Assets.xcassets in Resources */ = {isa = PBXBuildFile; fileRef = C78C7D58289E3D9C00BCD0FC /* Assets.xcassets */; };
		C78C7D5C289E3D9C00BCD0FC /* Preview Assets.xcassets in Resources */ = {isa = PBXBuildFile; fileRef = C78C7D5B289E3D9C00BCD0FC /* Preview Assets.xcassets */; };
		C78C7D7128A1CC7500BCD0FC /* SetGameModel.swift in Sources */ = {isa = PBXBuildFile; fileRef = C78C7D7028A1CC7500BCD0FC /* SetGameModel.swift */; };
		C78C7D7428A1CD9900BCD0FC /* SetGameViewModel.swift in Sources */ = {isa = PBXBuildFile; fileRef = C78C7D7328A1CD9900BCD0FC /* SetGameViewModel.swift */; };
		C78C7D7E28A3737D00BCD0FC /* Diamond.swift in Sources */ = {isa = PBXBuildFile; fileRef = C78C7D7D28A3737D00BCD0FC /* Diamond.swift */; };
/* End PBXBuildFile section */

/* Begin PBXFileReference section */
		C78C7D51289E3D9A00BCD0FC /* setGame.app */ = {isa = PBXFileReference; explicitFileType = wrapper.application; includeInIndex = 0; path = setGame.app; sourceTree = BUILT_PRODUCTS_DIR; };
		C78C7D54289E3D9A00BCD0FC /* SetGameApp.swift */ = {isa = PBXFileReference; lastKnownFileType = sourcecode.swift; path = SetGameApp.swift; sourceTree = "<group>"; };
		C78C7D56289E3D9A00BCD0FC /* ContentView.swift */ = {isa = PBXFileReference; lastKnownFileType = sourcecode.swift; path = ContentView.swift; sourceTree = "<group>"; };
		C78C7D58289E3D9C00BCD0FC /* Assets.xcassets */ = {isa = PBXFileReference; lastKnownFileType = folder.assetcatalog; path = Assets.xcassets; sourceTree = "<group>"; };
		C78C7D5B289E3D9C00BCD0FC /* Preview Assets.xcassets */ = {isa = PBXFileReference; lastKnownFileType = folder.assetcatalog; path = "Preview Assets.xcassets"; sourceTree = "<group>"; };
		C78C7D5D289E3D9C00BCD0FC /* Info.plist */ = {isa = PBXFileReference; lastKnownFileType = text.plist.xml; path = Info.plist; sourceTree = "<group>"; };
		C78C7D7028A1CC7500BCD0FC /* SetGameModel.swift */ = {isa = PBXFileReference; fileEncoding = 4; lastKnownFileType = sourcecode.swift; path = SetGameModel.swift; sourceTree = "<group>"; };
		C78C7D7328A1CD9900BCD0FC /* SetGameViewModel.swift */ = {isa = PBXFileReference; lastKnownFileType = sourcecode.swift; path = SetGameViewModel.swift; sourceTree = "<group>"; };
		C78C7D7D28A3737D00BCD0FC /* Diamond.swift */ = {isa = PBXFileReference; lastKnownFileType = sourcecode.swift; path = Diamond.swift; sourceTree = "<group>"; };
/* End PBXFileReference section */

/* Begin PBXFrameworksBuildPhase section */
		C78C7D4E289E3D9A00BCD0FC /* Frameworks */ = {
			isa = PBXFrameworksBuildPhase;
			buildActionMask = 2147483647;
			files = (
			);
			runOnlyForDeploymentPostprocessing = 0;
		};
/* End PBXFrameworksBuildPhase section */

/* Begin PBXGroup section */
		C78C7D48289E3D9A00BCD0FC = {
			isa = PBXGroup;
			children = (
				C78C7D53289E3D9A00BCD0FC /* setGame */,
				C78C7D52289E3D9A00BCD0FC /* Products */,
			);
			sourceTree = "<group>";
		};
		C78C7D52289E3D9A00BCD0FC /* Products */ = {
			isa = PBXGroup;
			children = (
				C78C7D51289E3D9A00BCD0FC /* setGame.app */,
			);
			name = Products;
			sourceTree = "<group>";
		};
		C78C7D53289E3D9A00BCD0FC /* setGame */ = {
			isa = PBXGroup;
			children = (
				C78C7D56289E3D9A00BCD0FC /* ContentView.swift */,
				C78C7D7328A1CD9900BCD0FC /* SetGameViewModel.swift */,
				C78C7D7028A1CC7500BCD0FC /* SetGameModel.swift */,
				C78C7D7D28A3737D00BCD0FC /* Diamond.swift */,
				C78C7D54289E3D9A00BCD0FC /* SetGameApp.swift */,
				C78C7D58289E3D9C00BCD0FC /* Assets.xcassets */,
				C78C7D5D289E3D9C00BCD0FC /* Info.plist */,
				C78C7D5A289E3D9C00BCD0FC /* Preview Content */,
			);
			path = setGame;
			sourceTree = "<group>";
		};
		C78C7D5A289E3D9C00BCD0FC /* Preview Content */ = {
			isa = PBXGroup;
			children = (
				C78C7D5B289E3D9C00BCD0FC /* Preview Assets.xcassets */,
			);
			path = "Preview Content";
			sourceTree = "<group>";
		};
/* End PBXGroup section */

/* Begin PBXNativeTarget section */
		C78C7D50289E3D9A00BCD0FC /* setGame */ = {
			isa = PBXNativeTarget;
			buildConfigurationList = C78C7D60289E3D9C00BCD0FC /* Build configuration list for PBXNativeTarget "setGame" */;
			buildPhases = (
				C78C7D4D289E3D9A00BCD0FC /* Sources */,
				C78C7D4E289E3D9A00BCD0FC /* Frameworks */,
				C78C7D4F289E3D9A00BCD0FC /* Resources */,
			);
			buildRules = (
			);
			dependencies = (
			);
			name = setGame;
			productName = setGame;
			productReference = C78C7D51289E3D9A00BCD0FC /* setGame.app */;
			productType = "com.apple.product-type.application";
		};
/* End PBXNativeTarget section */

/* Begin PBXProject section */
		C78C7D49289E3D9A00BCD0FC /* Project object */ = {
			isa = PBXProject;
			attributes = {
				LastSwiftUpdateCheck = 1230;
				LastUpgradeCheck = 1230;
				TargetAttributes = {
					C78C7D50289E3D9A00BCD0FC = {
						CreatedOnToolsVersion = 12.3;
					};
				};
			};
			buildConfigurationList = C78C7D4C289E3D9A00BCD0FC /* Build configuration list for PBXProject "setGame" */;
			compatibilityVersion = "Xcode 9.3";
			developmentRegion = en;
			hasScannedForEncodings = 0;
			knownRegions = (
				en,
				Base,
			);
			mainGroup = C78C7D48289E3D9A00BCD0FC;
			productRefGroup = C78C7D52289E3D9A00BCD0FC /* Products */;
			projectDirPath = "";
			projectRoot = "";
			targets = (
				C78C7D50289E3D9A00BCD0FC /* setGame */,
			);
		};
/* End PBXProject section */

/* Begin PBXResourcesBuildPhase section */
		C78C7D4F289E3D9A00BCD0FC /* Resources */ = {
			isa = PBXResourcesBuildPhase;
			buildActionMask = 2147483647;
			files = (
				C78C7D5C289E3D9C00BCD0FC /* Preview Assets.xcassets in Resources */,
				C78C7D59289E3D9C00BCD0FC /* Assets.xcassets in Resources */,
			);
			runOnlyForDeploymentPostprocessing = 0;
		};
/* End PBXResourcesBuildPhase section */

/* Begin PBXSourcesBuildPhase section */
		C78C7D4D289E3D9A00BCD0FC /* Sources */ = {
			isa = PBXSourcesBuildPhase;
			buildActionMask = 2147483647;
			files = (
				C78C7D57289E3D9A00BCD0FC /* ContentView.swift in Sources */,
				C78C7D55289E3D9A00BCD0FC /* SetGameApp.swift in Sources */,
				C78C7D7128A1CC7500BCD0FC /* SetGameModel.swift in Sources */,
				C78C7D7E28A3737D00BCD0FC /* Diamond.swift in Sources */,
				C78C7D7428A1CD9900BCD0FC /* SetGameViewModel.swift in Sources */,
			);
			runOnlyForDeploymentPostprocessing = 0;
		};
/* End PBXSourcesBuildPhase section */

/* Begin XCBuildConfiguration section */
		C78C7D5E289E3D9C00BCD0FC /* Debug */ = {
			isa = XCBuildConfiguration;
			buildSettings = {
				ALWAYS_SEARCH_USER_PATHS = NO;
				CLANG_ANALYZER_NONNULL = YES;
				CLANG_ANALYZER_NUMBER_OBJECT_CONVERSION = YES_AGGRESSIVE;
				CLANG_CXX_LANGUAGE_STANDARD = "gnu++14";
				CLANG_CXX_LIBRARY = "libc++";
				CLANG_ENABLE_MODULES = YES;
				CLANG_ENABLE_OBJC_ARC = YES;
				CLANG_ENABLE_OBJC_WEAK = YES;
				CLANG_WARN_BLOCK_CAPTURE_AUTORELEASING = YES;
				CLANG_WARN_BOOL_CONVERSION = YES;
				CLANG_WARN_COMMA = YES;
				CLANG_WARN_CONSTANT_CONVERSION = YES;
				CLANG_WARN_DEPRECATED_OBJC_IMPLEMENTATIONS = YES;
				CLANG_WARN_DIRECT_OBJC_ISA_USAGE = YES_ERROR;
				CLANG_WARN_DOCUMENTATION_COMMENTS = YES;
				CLANG_WARN_EMPTY_BODY = YES;
				CLANG_WARN_ENUM_CONVERSION = YES;
				CLANG_WARN_INFINITE_RECURSION = YES;
				CLANG_WARN_INT_CONVERSION = YES;
				CLANG_WARN_NON_LITERAL_NULL_CONVERSION = YES;
				CLANG_WARN_OBJC_IMPLICIT_RETAIN_SELF = YES;
				CLANG_WARN_OBJC_LITERAL_CONVERSION = YES;
				CLANG_WARN_OBJC_ROOT_CLASS = YES_ERROR;
				CLANG_WARN_QUOTED_INCLUDE_IN_FRAMEWORK_HEADER = YES;
				CLANG_WARN_RANGE_LOOP_ANALYSIS = YES;
				CLANG_WARN_STRICT_PROTOTYPES = YES;
				CLANG_WARN_SUSPICIOUS_MOVE = YES;
				CLANG_WARN_UNGUARDED_AVAILABILITY = YES_AGGRESSIVE;
				CLANG_WARN_UNREACHABLE_CODE = YES;
				CLANG_WARN__DUPLICATE_METHOD_MATCH = YES;
				COPY_PHASE_STRIP = NO;
				DEBUG_INFORMATION_FORMAT = dwarf;
				ENABLE_STRICT_OBJC_MSGSEND = YES;
				ENABLE_TESTABILITY = YES;
				GCC_C_LANGUAGE_STANDARD = gnu11;
				GCC_DYNAMIC_NO_PIC = NO;
				GCC_NO_COMMON_BLOCKS = YES;
				GCC_OPTIMIZATION_LEVEL = 0;
				GCC_PREPROCESSOR_DEFINITIONS = (
					"DEBUG=1",
					"$(inherited)",
				);
				GCC_WARN_64_TO_32_BIT_CONVERSION = YES;
				GCC_WARN_ABOUT_RETURN_TYPE = YES_ERROR;
				GCC_WARN_UNDECLARED_SELECTOR = YES;
				GCC_WARN_UNINITIALIZED_AUTOS = YES_AGGRESSIVE;
				GCC_WARN_UNUSED_FUNCTION = YES;
				GCC_WARN_UNUSED_VARIABLE = YES;
				IPHONEOS_DEPLOYMENT_TARGET = 14.3;
				MTL_ENABLE_DEBUG_INFO = INCLUDE_SOURCE;
				MTL_FAST_MATH = YES;
				ONLY_ACTIVE_ARCH = YES;
				SDKROOT = iphoneos;
				SWIFT_ACTIVE_COMPILATION_CONDITIONS = DEBUG;
				SWIFT_OPTIMIZATION_LEVEL = "-Onone";
			};
			name = Debug;
		};
		C78C7D5F289E3D9C00BCD0FC /* Release */ = {
			isa = XCBuildConfiguration;
			buildSettings = {
				ALWAYS_SEARCH_USER_PATHS = NO;
				CLANG_ANALYZER_NONNULL = YES;
				CLANG_ANALYZER_NUMBER_OBJECT_CONVERSION = YES_AGGRESSIVE;
				CLANG_CXX_LANGUAGE_STANDARD = "gnu++14";
				CLANG_CXX_LIBRARY = "libc++";
				CLANG_ENABLE_MODULES = YES;
				CLANG_ENABLE_OBJC_ARC = YES;
				CLANG_ENABLE_OBJC_WEAK = YES;
				CLANG_WARN_BLOCK_CAPTURE_AUTORELEASING = YES;
				CLANG_WARN_BOOL_CONVERSION = YES;
				CLANG_WARN_COMMA = YES;
				CLANG_WARN_CONSTANT_CONVERSION = YES;
				CLANG_WARN_DEPRECATED_OBJC_IMPLEMENTATIONS = YES;
				CLANG_WARN_DIRECT_OBJC_ISA_USAGE = YES_ERROR;
				CLANG_WARN_DOCUMENTATION_COMMENTS = YES;
				CLANG_WARN_EMPTY_BODY = YES;
				CLANG_WARN_ENUM_CONVERSION = YES;
				CLANG_WARN_INFINITE_RECURSION = YES;
				CLANG_WARN_INT_CONVERSION = YES;
				CLANG_WARN_NON_LITERAL_NULL_CONVERSION = YES;
				CLANG_WARN_OBJC_IMPLICIT_RETAIN_SELF = YES;
				CLANG_WARN_OBJC_LITERAL_CONVERSION = YES;
				CLANG_WARN_OBJC_ROOT_CLASS = YES_ERROR;
				CLANG_WARN_QUOTED_INCLUDE_IN_FRAMEWORK_HEADER = YES;
				CLANG_WARN_RANGE_LOOP_ANALYSIS = YES;
				CLANG_WARN_STRICT_PROTOTYPES = YES;
				CLANG_WARN_SUSPICIOUS_MOVE = YES;
				CLANG_WARN_UNGUARDED_AVAILABILITY = YES_AGGRESSIVE;
				CLANG_WARN_UNREACHABLE_CODE = YES;
				CLANG_WARN__DUPLICATE_METHOD_MATCH = YES;
				COPY_PHASE_STRIP = NO;
				DEBUG_INFORMATION_FORMAT = "dwarf-with-dsym";
				ENABLE_NS_ASSERTIONS = NO;
				ENABLE_STRICT_OBJC_MSGSEND = YES;
				GCC_C_LANGUAGE_STANDARD = gnu11;
				GCC_NO_COMMON_BLOCKS = YES;
				GCC_WARN_64_TO_32_BIT_CONVERSION = YES;
				GCC_WARN_ABOUT_RETURN_TYPE = YES_ERROR;
				GCC_WARN_UNDECLARED_SELECTOR = YES;
				GCC_WARN_UNINITIALIZED_AUTOS = YES_AGGRESSIVE;
				GCC_WARN_UNUSED_FUNCTION = YES;
				GCC_WARN_UNUSED_VARIABLE = YES;
				IPHONEOS_DEPLOYMENT_TARGET = 14.3;
				MTL_ENABLE_DEBUG_INFO = NO;
				MTL_FAST_MATH = YES;
				SDKROOT = iphoneos;
				SWIFT_COMPILATION_MODE = wholemodule;
				SWIFT_OPTIMIZATION_LEVEL = "-O";
				VALIDATE_PRODUCT = YES;
			};
			name = Release;
		};
		C78C7D61289E3D9C00BCD0FC /* Debug */ = {
			isa = XCBuildConfiguration;
			buildSettings = {
				ASSETCATALOG_COMPILER_APPICON_NAME = AppIcon;
				ASSETCATALOG_COMPILER_GLOBAL_ACCENT_COLOR_NAME = AccentColor;
				CODE_SIGN_STYLE = Automatic;
				DEVELOPMENT_ASSET_PATHS = "\"setGame/Preview Content\"";
				ENABLE_PREVIEWS = YES;
				INFOPLIST_FILE = setGame/Info.plist;
				IPHONEOS_DEPLOYMENT_TARGET = 14.0;
				LD_RUNPATH_SEARCH_PATHS = (
					"$(inherited)",
					"@executable_path/Frameworks",
				);
				PRODUCT_BUNDLE_IDENTIFIER = com.alina.setGame;
				PRODUCT_NAME = "$(TARGET_NAME)";
				SWIFT_VERSION = 5.0;
				TARGETED_DEVICE_FAMILY = "1,2";
			};
			name = Debug;
		};
		C78C7D62289E3D9C00BCD0FC /* Release */ = {
			isa = XCBuildConfiguration;
			buildSettings = {
				ASSETCATALOG_COMPILER_APPICON_NAME = AppIcon;
				ASSETCATALOG_COMPILER_GLOBAL_ACCENT_COLOR_NAME = AccentColor;
				CODE_SIGN_STYLE = Automatic;
				DEVELOPMENT_ASSET_PATHS = "\"setGame/Preview Content\"";
				ENABLE_PREVIEWS = YES;
				INFOPLIST_FILE = setGame/Info.plist;
				IPHONEOS_DEPLOYMENT_TARGET = 14.0;
				LD_RUNPATH_SEARCH_PATHS = (
					"$(inherited)",
					"@executable_path/Frameworks",
				);
				PRODUCT_BUNDLE_IDENTIFIER = com.alina.setGame;
				PRODUCT_NAME = "$(TARGET_NAME)";
				SWIFT_VERSION = 5.0;
				TARGETED_DEVICE_FAMILY = "1,2";
			};
			name = Release;
		};
/* End XCBuildConfiguration section */

/* Begin XCConfigurationList section */
		C78C7D4C289E3D9A00BCD0FC /* Build configuration list for PBXProject "setGame" */ = {
			isa = XCConfigurationList;
			buildConfigurations = (
				C78C7D5E289E3D9C00BCD0FC /* Debug */,
				C78C7D5F289E3D9C00BCD0FC /* Release */,
			);
			defaultConfigurationIsVisible = 0;
			defaultConfigurationName = Release;
		};
		C78C7D60289E3D9C00BCD0FC /* Build configuration list for PBXNativeTarget "setGame" */ = {
			isa = XCConfigurationList;
			buildConfigurations = (
				C78C7D61289E3D9C00BCD0FC /* Debug */,
				C78C7D62289E3D9C00BCD0FC /* Release */,
			);
			defaultConfigurationIsVisible = 0;
			defaultConfigurationName = Release;
		};
/* End XCConfigurationList section */
	};
	rootObject = C78C7D49289E3D9A00BCD0FC /* Project object */;
}
